github.com/richardlehane/msoleps v1.0.4 h1:WuESlvhX3gH2IHcd8UqyCuFY5yiq/GR/yqaSM/9/g00=
github.com/richardlehane/msoleps v1.0.4/go.mod h1:BWev5JBpU9Ko2WAgmZEuiz4/u3ZYTKbjLycmwiWUfWg=
github.com/unidoc/unioffice v1.36.0 h1:9kEUK3hQhVAB7g3lROsvCrSMZsxSwFmC1UiMox7RohQ=
github.com/unidoc/unioffice v1.36.0/go.mod h1:VL/S9i/xd2zYqZCUzO6CFPr3kM4iKj/tLcEcthAilgU=
